
Microsoft Visual Studio Solution File, Format Version 12.00
# Visual Studio Version 16
VisualStudioVersion = 16.0.30225.117
MinimumVisualStudioVersion = 10.0.40219.1
Project("{9A19103F-16F7-4668-BE54-9A1E7A4F7556}") = "libIRCgirl", "IRCgirl\libIRCgirl.csproj", "{9681AF87-4574-40D7-B5BB-9D4D2B149093}"
EndProject
Project("{FAE04EC0-301F-11D3-BF4B-00C04F79EFBC}") = "IRCgirld", "IRCgirld\IRCgirld.csproj", "{EB4485C1-1042-4BB9-8520-9F5C40DF40EB}"
EndProject
Global
	GlobalSection(SolutionConfigurationPlatforms) = preSolution
		Debug|Any CPU = Debug|Any CPU
		Release|Any CPU = Release|Any CPU
	EndGlobalSection
	GlobalSection(ProjectConfigurationPlatforms) = postSolution
		{9681AF87-4574-40D7-B5BB-9D4D2B149093}.Debug|Any CPU.ActiveCfg = Debug|Any CPU
		{9681AF87-4574-40D7-B5BB-9D4D2B149093}.Debug|Any CPU.Build.0 = Debug|Any CPU
		{9681AF87-4574-40D7-B5BB-9D4D2B149093}.Release|Any CPU.ActiveCfg = Release|Any CPU
		{9681AF87-4574-40D7-B5BB-9D4D2B149093}.Release|Any CPU.Build.0 = Release|Any CPU
		{EB4485C1-1042-4BB9-8520-9F5C40DF40EB}.Debug|Any CPU.ActiveCfg = Debug|Any CPU
		{EB4485C1-1042-4BB9-8520-9F5C40DF40EB}.Debug|Any CPU.Build.0 = Debug|Any CPU
		{EB4485C1-1042-4BB9-8520-9F5C40DF40EB}.Release|Any CPU.ActiveCfg = Release|Any CPU
		{EB4485C1-1042-4BB9-8520-9F5C40DF40EB}.Release|Any CPU.Build.0 = Release|Any CPU
	EndGlobalSection
	GlobalSection(SolutionProperties) = preSolution
		HideSolutionNode = FALSE
	EndGlobalSection
	GlobalSection(ExtensibilityGlobals) = postSolution
		SolutionGuid = {E746440C-467B-4890-A09C-F2222891F3DF}
	EndGlobalSection
EndGlobal
